// !$*UTF8*$!
{
	archiveVersion = 1;
	classes = {
	};
	objectVersion = 77;
	objects = {

/* Begin PBXBuildFile section */
		EDA26E672FB255DE00108CB0 /* LibraryView.swift in Sources */ = {isa = PBXBuildFile; fileRef = EDA26E602FB255DE00108CB0 /* LibraryView.swift */; };
		EDA26E682FB255DE00108CB0 /* AddGoalView.swift in Sources */ = {isa = PBXBuildFile; fileRef = EDA26E552FB255DE00108CB0 /* AddGoalView.swift */; };
		EDA26E692FB255DE00108CB0 /* EmptyStateView.swift in Sources */ = {isa = PBXBuildFile; fileRef = EDA26E4E2FB255DE00108CB0 /* EmptyStateView.swift */; };
		EDA26E6A2FB255DE00108CB0 /* ReadingGoal.swift in Sources */ = {isa = PBXBuildFile; fileRef = EDA26E3E2FB255DE00108CB0 /* ReadingGoal.swift */; };
		EDA26E6B2FB255DE00108CB0 /* BookEnums.swift in Sources */ = {isa = PBXBuildFile; fileRef = EDA26E3C2FB255DE00108CB0 /* BookEnums.swift */; };
		EDA26E6C2FB255DE00108CB0 /* JournalView.swift in Sources */ = {isa = PBXBuildFile; fileRef = EDA26E5C2FB255DE00108CB0 /* JournalView.swift */; };
		EDA26E6D2FB255DE00108CB0 /* FilterPillView.swift in Sources */ = {isa = PBXBuildFile; fileRef = EDA26E4F2FB255DE00108CB0 /* FilterPillView.swift */; };
		EDA26E6E2FB255DE00108CB0 /* BookNote.swift in Sources */ = {isa = PBXBuildFile; fileRef = EDA26E3D2FB255DE00108CB0 /* BookNote.swift */; };
		EDA26E6F2FB255DE00108CB0 /* BookDetailView.swift in Sources */ = {isa = PBXBuildFile; fileRef = EDA26E5F2FB255DE00108CB0 /* BookDetailView.swift */; };
		EDA26E702FB255DE00108CB0 /* Book.swift in Sources */ = {isa = PBXBuildFile; fileRef = EDA26E3B2FB255DE00108CB0 /* Book.swift */; };
		EDA26E712FB255DE00108CB0 /* StatCardView.swift in Sources */ = {isa = PBXBuildFile; fileRef = EDA26E532FB255DE00108CB0 /* StatCardView.swift */; };
		EDA26E722FB255DE00108CB0 /* BookRowView.swift in Sources */ = {isa = PBXBuildFile; fileRef = EDA26E4B2FB255DE00108CB0 /* BookRowView.swift */; };
		EDA26E732FB255DE00108CB0 /* CurrentBookCardView.swift in Sources */ = {isa = PBXBuildFile; fileRef = EDA26E4D2FB255DE00108CB0 /* CurrentBookCardView.swift */; };
		EDA26E742FB255DE00108CB0 /* HomeViewModel.swift in Sources */ = {isa = PBXBuildFile; fileRef = EDA26E452FB255DE00108CB0 /* HomeViewModel.swift */; };
		EDA26E752FB255DE00108CB0 /* GoalProgressCardView.swift in Sources */ = {isa = PBXBuildFile; fileRef = EDA26E502FB255DE00108CB0 /* GoalProgressCardView.swift */; };
		EDA26E762FB255DE00108CB0 /* SectionHeaderView.swift in Sources */ = {isa = PBXBuildFile; fileRef = EDA26E522FB255DE00108CB0 /* SectionHeaderView.swift */; };
		EDA26E772FB255DE00108CB0 /* HomeView.swift in Sources */ = {isa = PBXBuildFile; fileRef = EDA26E592FB255DE00108CB0 /* HomeView.swift */; };
		EDA26E782FB255DE00108CB0 /* SampleData.swift in Sources */ = {isa = PBXBuildFile; fileRef = EDA26E402FB255DE00108CB0 /* SampleData.swift */; };
		EDA26E792FB255DE00108CB0 /* JournalViewModel.swift in Sources */ = {isa = PBXBuildFile; fileRef = EDA26E462FB255DE00108CB0 /* JournalViewModel.swift */; };
		EDA26E7A2FB255DE00108CB0 /* StatusFilterBarView.swift in Sources */ = {isa = PBXBuildFile; fileRef = EDA26E612FB255DE00108CB0 /* StatusFilterBarView.swift */; };
		EDA26E7B2FB255DE00108CB0 /* LibraryViewModel.swift in Sources */ = {isa = PBXBuildFile; fileRef = EDA26E472FB255DE00108CB0 /* LibraryViewModel.swift */; };
		EDA26E7C2FB255DE00108CB0 /* GoalsViewModel.swift in Sources */ = {isa = PBXBuildFile; fileRef = EDA26E442FB255DE00108CB0 /* GoalsViewModel.swift */; };
		EDA26E7D2FB255DE00108CB0 /* BookCoverPlaceholderView.swift in Sources */ = {isa = PBXBuildFile; fileRef = EDA26E4A2FB255DE00108CB0 /* BookCoverPlaceholderView.swift */; };
		EDA26E7E2FB255DE00108CB0 /* StatsViewModel.swift in Sources */ = {isa = PBXBuildFile; fileRef = EDA26E482FB255DE00108CB0 /* StatsViewModel.swift */; };
		EDA26E7F2FB255DE00108CB0 /* AddBookView.swift in Sources */ = {isa = PBXBuildFile; fileRef = EDA26E5E2FB255DE00108CB0 /* AddBookView.swift */; };
		EDA26E802FB255DE00108CB0 /* NoteRowView.swift in Sources */ = {isa = PBXBuildFile; fileRef = EDA26E512FB255DE00108CB0 /* NoteRowView.swift */; };
		EDA26E812FB255DE00108CB0 /* BookNestRootView.swift in Sources */ = {isa = PBXBuildFile; fileRef = EDA26E392FB255DE00108CB0 /* BookNestRootView.swift */; };
		EDA26E822FB255DE00108CB0 /* View+CardStyle.swift in Sources */ = {isa = PBXBuildFile; fileRef = EDA26E422FB255DE00108CB0 /* View+CardStyle.swift */; };
		EDA26E832FB255DE00108CB0 /* CompactBookRowView.swift in Sources */ = {isa = PBXBuildFile; fileRef = EDA26E4C2FB255DE00108CB0 /* CompactBookRowView.swift */; };
		EDA26E842FB255DE00108CB0 /* StatsView.swift in Sources */ = {isa = PBXBuildFile; fileRef = EDA26E632FB255DE00108CB0 /* StatsView.swift */; };
		EDA26E852FB255DE00108CB0 /* HeaderGreetingView.swift in Sources */ = {isa = PBXBuildFile; fileRef = EDA26E582FB255DE00108CB0 /* HeaderGreetingView.swift */; };
		EDA26E862FB255DE00108CB0 /* BookNestApp.swift in Sources */ = {isa = PBXBuildFile; fileRef = EDA26E382FB255DE00108CB0 /* BookNestApp.swift */; };
		EDA26E872FB255DE00108CB0 /* GoalsView.swift in Sources */ = {isa = PBXBuildFile; fileRef = EDA26E562FB255DE00108CB0 /* GoalsView.swift */; };
		EDA26E882FB255DE00108CB0 /* AddNoteView.swift in Sources */ = {isa = PBXBuildFile; fileRef = EDA26E5B2FB255DE00108CB0 /* AddNoteView.swift */; };
/* End PBXBuildFile section */

/* Begin PBXFileReference section */
		EDA26DD72FB2558500108CB0 /* BookNest.app */ = {isa = PBXFileReference; explicitFileType = wrapper.application; includeInIndex = 0; path = BookNest.app; sourceTree = BUILT_PRODUCTS_DIR; };
		EDA26E382FB255DE00108CB0 /* BookNestApp.swift */ = {isa = PBXFileReference; lastKnownFileType = sourcecode.swift; path = BookNestApp.swift; sourceTree = "<group>"; };
		EDA26E392FB255DE00108CB0 /* BookNestRootView.swift */ = {isa = PBXFileReference; lastKnownFileType = sourcecode.swift; path = BookNestRootView.swift; sourceTree = "<group>"; };
		EDA26E3B2FB255DE00108CB0 /* Book.swift */ = {isa = PBXFileReference; lastKnownFileType = sourcecode.swift; path = Book.swift; sourceTree = "<group>"; };
		EDA26E3C2FB255DE00108CB0 /* BookEnums.swift */ = {isa = PBXFileReference; lastKnownFileType = sourcecode.swift; path = BookEnums.swift; sourceTree = "<group>"; };
		EDA26E3D2FB255DE00108CB0 /* BookNote.swift */ = {isa = PBXFileReference; lastKnownFileType = sourcecode.swift; path = BookNote.swift; sourceTree = "<group>"; };
		EDA26E3E2FB255DE00108CB0 /* ReadingGoal.swift */ = {isa = PBXFileReference; lastKnownFileType = sourcecode.swift; path = ReadingGoal.swift; sourceTree = "<group>"; };
		EDA26E402FB255DE00108CB0 /* SampleData.swift */ = {isa = PBXFileReference; lastKnownFileType = sourcecode.swift; path = SampleData.swift; sourceTree = "<group>"; };
		EDA26E422FB255DE00108CB0 /* View+CardStyle.swift */ = {isa = PBXFileReference; lastKnownFileType = sourcecode.swift; path = "View+CardStyle.swift"; sourceTree = "<group>"; };
		EDA26E442FB255DE00108CB0 /* GoalsViewModel.swift */ = {isa = PBXFileReference; lastKnownFileType = sourcecode.swift; path = GoalsViewModel.swift; sourceTree = "<group>"; };
		EDA26E452FB255DE00108CB0 /* HomeViewModel.swift */ = {isa = PBXFileReference; lastKnownFileType = sourcecode.swift; path = HomeViewModel.swift; sourceTree = "<group>"; };
		EDA26E462FB255DE00108CB0 /* JournalViewModel.swift */ = {isa = PBXFileReference; lastKnownFileType = sourcecode.swift; path = JournalViewModel.swift; sourceTree = "<group>"; };
		EDA26E472FB255DE00108CB0 /* LibraryViewModel.swift */ = {isa = PBXFileReference; lastKnownFileType = sourcecode.swift; path = LibraryViewModel.swift; sourceTree = "<group>"; };
		EDA26E482FB255DE00108CB0 /* StatsViewModel.swift */ = {isa = PBXFileReference; lastKnownFileType = sourcecode.swift; path = StatsViewModel.swift; sourceTree = "<group>"; };
		EDA26E4A2FB255DE00108CB0 /* BookCoverPlaceholderView.swift */ = {isa = PBXFileReference; lastKnownFileType = sourcecode.swift; path = BookCoverPlaceholderView.swift; sourceTree = "<group>"; };
		EDA26E4B2FB255DE00108CB0 /* BookRowView.swift */ = {isa = PBXFileReference; lastKnownFileType = sourcecode.swift; path = BookRowView.swift; sourceTree = "<group>"; };
		EDA26E4C2FB255DE00108CB0 /* CompactBookRowView.swift */ = {isa = PBXFileReference; lastKnownFileType = sourcecode.swift; path = CompactBookRowView.swift; sourceTree = "<group>"; };
		EDA26E4D2FB255DE00108CB0 /* CurrentBookCardView.swift */ = {isa = PBXFileReference; lastKnownFileType = sourcecode.swift; path = CurrentBookCardView.swift; sourceTree = "<group>"; };
		EDA26E4E2FB255DE00108CB0 /* EmptyStateView.swift */ = {isa = PBXFileReference; lastKnownFileType = sourcecode.swift; path = EmptyStateView.swift; sourceTree = "<group>"; };
		EDA26E4F2FB255DE00108CB0 /* FilterPillView.swift */ = {isa = PBXFileReference; lastKnownFileType = sourcecode.swift; path = FilterPillView.swift; sourceTree = "<group>"; };
		EDA26E502FB255DE00108CB0 /* GoalProgressCardView.swift */ = {isa = PBXFileReference; lastKnownFileType = sourcecode.swift; path = GoalProgressCardView.swift; sourceTree = "<group>"; };
		EDA26E512FB255DE00108CB0 /* NoteRowView.swift */ = {isa = PBXFileReference; lastKnownFileType = sourcecode.swift; path = NoteRowView.swift; sourceTree = "<group>"; };
		EDA26E522FB255DE00108CB0 /* SectionHeaderView.swift */ = {isa = PBXFileReference; lastKnownFileType = sourcecode.swift; path = SectionHeaderView.swift; sourceTree = "<group>"; };
		EDA26E532FB255DE00108CB0 /* StatCardView.swift */ = {isa = PBXFileReference; lastKnownFileType = sourcecode.swift; path = StatCardView.swift; sourceTree = "<group>"; };
		EDA26E552FB255DE00108CB0 /* AddGoalView.swift */ = {isa = PBXFileReference; lastKnownFileType = sourcecode.swift; path = AddGoalView.swift; sourceTree = "<group>"; };
		EDA26E562FB255DE00108CB0 /* GoalsView.swift */ = {isa = PBXFileReference; lastKnownFileType = sourcecode.swift; path = GoalsView.swift; sourceTree = "<group>"; };
		EDA26E582FB255DE00108CB0 /* HeaderGreetingView.swift */ = {isa = PBXFileReference; lastKnownFileType = sourcecode.swift; path = HeaderGreetingView.swift; sourceTree = "<group>"; };
		EDA26E592FB255DE00108CB0 /* HomeView.swift */ = {isa = PBXFileReference; lastKnownFileType = sourcecode.swift; path = HomeView.swift; sourceTree = "<group>"; };
		EDA26E5B2FB255DE00108CB0 /* AddNoteView.swift */ = {isa = PBXFileReference; lastKnownFileType = sourcecode.swift; path = AddNoteView.swift; sourceTree = "<group>"; };
		EDA26E5C2FB255DE00108CB0 /* JournalView.swift */ = {isa = PBXFileReference; lastKnownFileType = sourcecode.swift; path = JournalView.swift; sourceTree = "<group>"; };
		EDA26E5E2FB255DE00108CB0 /* AddBookView.swift */ = {isa = PBXFileReference; lastKnownFileType = sourcecode.swift; path = AddBookView.swift; sourceTree = "<group>"; };
		EDA26E5F2FB255DE00108CB0 /* BookDetailView.swift */ = {isa = PBXFileReference; lastKnownFileType = sourcecode.swift; path = BookDetailView.swift; sourceTree = "<group>"; };
		EDA26E602FB255DE00108CB0 /* LibraryView.swift */ = {isa = PBXFileReference; lastKnownFileType = sourcecode.swift; path = LibraryView.swift; sourceTree = "<group>"; };
		EDA26E612FB255DE00108CB0 /* StatusFilterBarView.swift */ = {isa = PBXFileReference; lastKnownFileType = sourcecode.swift; path = StatusFilterBarView.swift; sourceTree = "<group>"; };
		EDA26E632FB255DE00108CB0 /* StatsView.swift */ = {isa = PBXFileReference; lastKnownFileType = sourcecode.swift; path = StatsView.swift; sourceTree = "<group>"; };
/* End PBXFileReference section */

/* Begin PBXFrameworksBuildPhase section */
		EDA26DD42FB2558500108CB0 /* Frameworks */ = {
			isa = PBXFrameworksBuildPhase;
			buildActionMask = 2147483647;
			files = (
			);
			runOnlyForDeploymentPostprocessing = 0;
		};
/* End PBXFrameworksBuildPhase section */

/* Begin PBXGroup section */
		EDA26DCE2FB2558500108CB0 = {
			isa = PBXGroup;
			children = (
				EDA26E662FB255DE00108CB0 /* BookNest */,
				EDA26DD82FB2558500108CB0 /* Products */,
			);
			sourceTree = "<group>";
		};
		EDA26DD82FB2558500108CB0 /* Products */ = {
			isa = PBXGroup;
			children = (
				EDA26DD72FB2558500108CB0 /* BookNest.app */,
			);
			name = Products;
			sourceTree = "<group>";
		};
		EDA26E3A2FB255DE00108CB0 /* App */ = {
			isa = PBXGroup;
			children = (
				EDA26E382FB255DE00108CB0 /* BookNestApp.swift */,
				EDA26E392FB255DE00108CB0 /* BookNestRootView.swift */,
			);
			path = App;
			sourceTree = "<group>";
		};
		EDA26E3F2FB255DE00108CB0 /* Models */ = {
			isa = PBXGroup;
			children = (
				EDA26E3B2FB255DE00108CB0 /* Book.swift */,
				EDA26E3C2FB255DE00108CB0 /* BookEnums.swift */,
				EDA26E3D2FB255DE00108CB0 /* BookNote.swift */,
				EDA26E3E2FB255DE00108CB0 /* ReadingGoal.swift */,
			);
			path = Models;
			sourceTree = "<group>";
		};
		EDA26E412FB255DE00108CB0 /* Resources */ = {
			isa = PBXGroup;
			children = (
				EDA26E402FB255DE00108CB0 /* SampleData.swift */,
			);
			path = Resources;
			sourceTree = "<group>";
		};
		EDA26E432FB255DE00108CB0 /* Utilities */ = {
			isa = PBXGroup;
			children = (
				EDA26E422FB255DE00108CB0 /* View+CardStyle.swift */,
			);
			path = Utilities;
			sourceTree = "<group>";
		};
		EDA26E492FB255DE00108CB0 /* ViewModels */ = {
			isa = PBXGroup;
			children = (
				EDA26E442FB255DE00108CB0 /* GoalsViewModel.swift */,
				EDA26E452FB255DE00108CB0 /* HomeViewModel.swift */,
				EDA26E462FB255DE00108CB0 /* JournalViewModel.swift */,
				EDA26E472FB255DE00108CB0 /* LibraryViewModel.swift */,
				EDA26E482FB255DE00108CB0 /* StatsViewModel.swift */,
			);
			path = ViewModels;
			sourceTree = "<group>";
		};
		EDA26E542FB255DE00108CB0 /* Components */ = {
			isa = PBXGroup;
			children = (
				EDA26E4A2FB255DE00108CB0 /* BookCoverPlaceholderView.swift */,
				EDA26E4B2FB255DE00108CB0 /* BookRowView.swift */,
				EDA26E4C2FB255DE00108CB0 /* CompactBookRowView.swift */,
				EDA26E4D2FB255DE00108CB0 /* CurrentBookCardView.swift */,
				EDA26E4E2FB255DE00108CB0 /* EmptyStateView.swift */,
				EDA26E4F2FB255DE00108CB0 /* FilterPillView.swift */,
				EDA26E502FB255DE00108CB0 /* GoalProgressCardView.swift */,
				EDA26E512FB255DE00108CB0 /* NoteRowView.swift */,
				EDA26E522FB255DE00108CB0 /* SectionHeaderView.swift */,
				EDA26E532FB255DE00108CB0 /* StatCardView.swift */,
			);
			path = Components;
			sourceTree = "<group>";
		};
		EDA26E572FB255DE00108CB0 /* Goals */ = {
			isa = PBXGroup;
			children = (
				EDA26E552FB255DE00108CB0 /* AddGoalView.swift */,
				EDA26E562FB255DE00108CB0 /* GoalsView.swift */,
			);
			path = Goals;
			sourceTree = "<group>";
		};
		EDA26E5A2FB255DE00108CB0 /* Home */ = {
			isa = PBXGroup;
			children = (
				EDA26E582FB255DE00108CB0 /* HeaderGreetingView.swift */,
				EDA26E592FB255DE00108CB0 /* HomeView.swift */,
			);
			path = Home;
			sourceTree = "<group>";
		};
		EDA26E5D2FB255DE00108CB0 /* Journal */ = {
			isa = PBXGroup;
			children = (
				EDA26E5B2FB255DE00108CB0 /* AddNoteView.swift */,
				EDA26E5C2FB255DE00108CB0 /* JournalView.swift */,
			);
			path = Journal;
			sourceTree = "<group>";
		};
		EDA26E622FB255DE00108CB0 /* Library */ = {
			isa = PBXGroup;
			children = (
				EDA26E5E2FB255DE00108CB0 /* AddBookView.swift */,
				EDA26E5F2FB255DE00108CB0 /* BookDetailView.swift */,
				EDA26E602FB255DE00108CB0 /* LibraryView.swift */,
				EDA26E612FB255DE00108CB0 /* StatusFilterBarView.swift */,
			);
			path = Library;
			sourceTree = "<group>";
		};
		EDA26E642FB255DE00108CB0 /* Stats */ = {
			isa = PBXGroup;
			children = (
				EDA26E632FB255DE00108CB0 /* StatsView.swift */,
			);
			path = Stats;
			sourceTree = "<group>";
		};
		EDA26E652FB255DE00108CB0 /* Views */ = {
			isa = PBXGroup;
			children = (
				EDA26E542FB255DE00108CB0 /* Components */,
				EDA26E572FB255DE00108CB0 /* Goals */,
				EDA26E5A2FB255DE00108CB0 /* Home */,
				EDA26E5D2FB255DE00108CB0 /* Journal */,
				EDA26E622FB255DE00108CB0 /* Library */,
				EDA26E642FB255DE00108CB0 /* Stats */,
			);
			path = Views;
			sourceTree = "<group>";
		};
		EDA26E662FB255DE00108CB0 /* BookNest */ = {
			isa = PBXGroup;
			children = (
				EDA26E3A2FB255DE00108CB0 /* App */,
				EDA26E3F2FB255DE00108CB0 /* Models */,
				EDA26E412FB255DE00108CB0 /* Resources */,
				EDA26E432FB255DE00108CB0 /* Utilities */,
				EDA26E492FB255DE00108CB0 /* ViewModels */,
				EDA26E652FB255DE00108CB0 /* Views */,
			);
			path = BookNest;
			sourceTree = "<group>";
		};
/* End PBXGroup section */

/* Begin PBXNativeTarget section */
		EDA26DD62FB2558500108CB0 /* BookNest */ = {
			isa = PBXNativeTarget;
			buildConfigurationList = EDA26DE42FB2558700108CB0 /* Build configuration list for PBXNativeTarget "BookNest" */;
			buildPhases = (
				EDA26DD32FB2558500108CB0 /* Sources */,
				EDA26DD42FB2558500108CB0 /* Frameworks */,
				EDA26DD52FB2558500108CB0 /* Resources */,
			);
			buildRules = (
			);
			dependencies = (
			);
			name = BookNest;
			packageProductDependencies = (
			);
			productName = BookNest;
			productReference = EDA26DD72FB2558500108CB0 /* BookNest.app */;
			productType = "com.apple.product-type.application";
		};
/* End PBXNativeTarget section */

/* Begin PBXProject section */
		EDA26DCF2FB2558500108CB0 /* Project object */ = {
			isa = PBXProject;
			attributes = {
				BuildIndependentTargetsInParallel = 1;
				LastSwiftUpdateCheck = 2640;
				LastUpgradeCheck = 2640;
				TargetAttributes = {
					EDA26DD62FB2558500108CB0 = {
						CreatedOnToolsVersion = 26.4.1;
					};
				};
			};
			buildConfigurationList = EDA26DD22FB2558500108CB0 /* Build configuration list for PBXProject "BookNest" */;
			developmentRegion = en;
			hasScannedForEncodings = 0;
			knownRegions = (
				en,
				Base,
			);
			mainGroup = EDA26DCE2FB2558500108CB0;
			minimizedProjectReferenceProxies = 1;
			preferredProjectObjectVersion = 77;
			productRefGroup = EDA26DD82FB2558500108CB0 /* Products */;
			projectDirPath = "";
			projectRoot = "";
			targets = (
				EDA26DD62FB2558500108CB0 /* BookNest */,
			);
		};
/* End PBXProject section */

/* Begin PBXResourcesBuildPhase section */
		EDA26DD52FB2558500108CB0 /* Resources */ = {
			isa = PBXResourcesBuildPhase;
			buildActionMask = 2147483647;
			files = (
			);
			runOnlyForDeploymentPostprocessing = 0;
		};
/* End PBXResourcesBuildPhase section */

/* Begin PBXSourcesBuildPhase section */
		EDA26DD32FB2558500108CB0 /* Sources */ = {
			isa = PBXSourcesBuildPhase;
			buildActionMask = 2147483647;
			files = (
				EDA26E672FB255DE00108CB0 /* LibraryView.swift in Sources */,
				EDA26E682FB255DE00108CB0 /* AddGoalView.swift in Sources */,
				EDA26E692FB255DE00108CB0 /* EmptyStateView.swift in Sources */,
				EDA26E6A2FB255DE00108CB0 /* ReadingGoal.swift in Sources */,
				EDA26E6B2FB255DE00108CB0 /* BookEnums.swift in Sources */,
				EDA26E6C2FB255DE00108CB0 /* JournalView.swift in Sources */,
				EDA26E6D2FB255DE00108CB0 /* FilterPillView.swift in Sources */,
				EDA26E6E2FB255DE00108CB0 /* BookNote.swift in Sources */,
				EDA26E6F2FB255DE00108CB0 /* BookDetailView.swift in Sources */,
				EDA26E702FB255DE00108CB0 /* Book.swift in Sources */,
				EDA26E712FB255DE00108CB0 /* StatCardView.swift in Sources */,
				EDA26E722FB255DE00108CB0 /* BookRowView.swift in Sources */,
				EDA26E732FB255DE00108CB0 /* CurrentBookCardView.swift in Sources */,
				EDA26E742FB255DE00108CB0 /* HomeViewModel.swift in Sources */,
				EDA26E752FB255DE00108CB0 /* GoalProgressCardView.swift in Sources */,
				EDA26E762FB255DE00108CB0 /* SectionHeaderView.swift in Sources */,
				EDA26E772FB255DE00108CB0 /* HomeView.swift in Sources */,
				EDA26E782FB255DE00108CB0 /* SampleData.swift in Sources */,
				EDA26E792FB255DE00108CB0 /* JournalViewModel.swift in Sources */,
				EDA26E7A2FB255DE00108CB0 /* StatusFilterBarView.swift in Sources */,
				EDA26E7B2FB255DE00108CB0 /* LibraryViewModel.swift in Sources */,
				EDA26E7C2FB255DE00108CB0 /* GoalsViewModel.swift in Sources */,
				EDA26E7D2FB255DE00108CB0 /* BookCoverPlaceholderView.swift in Sources */,
				EDA26E7E2FB255DE00108CB0 /* StatsViewModel.swift in Sources */,
				EDA26E7F2FB255DE00108CB0 /* AddBookView.swift in Sources */,
				EDA26E802FB255DE00108CB0 /* NoteRowView.swift in Sources */,
				EDA26E812FB255DE00108CB0 /* BookNestRootView.swift in Sources */,
				EDA26E822FB255DE00108CB0 /* View+CardStyle.swift in Sources */,
				EDA26E832FB255DE00108CB0 /* CompactBookRowView.swift in Sources */,
				EDA26E842FB255DE00108CB0 /* StatsView.swift in Sources */,
				EDA26E852FB255DE00108CB0 /* HeaderGreetingView.swift in Sources */,
				EDA26E862FB255DE00108CB0 /* BookNestApp.swift in Sources */,
				EDA26E872FB255DE00108CB0 /* GoalsView.swift in Sources */,
				EDA26E882FB255DE00108CB0 /* AddNoteView.swift in Sources */,
			);
			runOnlyForDeploymentPostprocessing = 0;
		};
/* End PBXSourcesBuildPhase section */

/* Begin XCBuildConfiguration section */
		EDA26DE22FB2558700108CB0 /* Debug */ = {
			isa = XCBuildConfiguration;
			buildSettings = {
				ALWAYS_SEARCH_USER_PATHS = NO;
				ASSETCATALOG_COMPILER_GENERATE_SWIFT_ASSET_SYMBOL_EXTENSIONS = YES;
				CLANG_ANALYZER_NONNULL = YES;
				CLANG_ANALYZER_NUMBER_OBJECT_CONVERSION = YES_AGGRESSIVE;
				CLANG_CXX_LANGUAGE_STANDARD = "gnu++20";
				CLANG_ENABLE_MODULES = YES;
				CLANG_ENABLE_OBJC_ARC = YES;
				CLANG_ENABLE_OBJC_WEAK = YES;
				CLANG_WARN_BLOCK_CAPTURE_AUTORELEASING = YES;
				CLANG_WARN_BOOL_CONVERSION = YES;
				CLANG_WARN_COMMA = YES;
				CLANG_WARN_CONSTANT_CONVERSION = YES;
				CLANG_WARN_DEPRECATED_OBJC_IMPLEMENTATIONS = YES;
				CLANG_WARN_DIRECT_OBJC_ISA_USAGE = YES_ERROR;
				CLANG_WARN_DOCUMENTATION_COMMENTS = YES;
				CLANG_WARN_EMPTY_BODY = YES;
				CLANG_WARN_ENUM_CONVERSION = YES;
				CLANG_WARN_INFINITE_RECURSION = YES;
				CLANG_WARN_INT_CONVERSION = YES;
				CLANG_WARN_NON_LITERAL_NULL_CONVERSION = YES;
				CLANG_WARN_OBJC_IMPLICIT_RETAIN_SELF = YES;
				CLANG_WARN_OBJC_LITERAL_CONVERSION = YES;
				CLANG_WARN_OBJC_ROOT_CLASS = YES_ERROR;
				CLANG_WARN_QUOTED_INCLUDE_IN_FRAMEWORK_HEADER = YES;
				CLANG_WARN_RANGE_LOOP_ANALYSIS = YES;
				CLANG_WARN_STRICT_PROTOTYPES = YES;
				CLANG_WARN_SUSPICIOUS_MOVE = YES;
				CLANG_WARN_UNGUARDED_AVAILABILITY = YES_AGGRESSIVE;
				CLANG_WARN_UNREACHABLE_CODE = YES;
				CLANG_WARN__DUPLICATE_METHOD_MATCH = YES;
				COPY_PHASE_STRIP = NO;
				DEBUG_INFORMATION_FORMAT = dwarf;
				DEVELOPMENT_TEAM = 7PTM8F2LLK;
				ENABLE_STRICT_OBJC_MSGSEND = YES;
				ENABLE_TESTABILITY = YES;
				ENABLE_USER_SCRIPT_SANDBOXING = YES;
				GCC_C_LANGUAGE_STANDARD = gnu17;
				GCC_DYNAMIC_NO_PIC = NO;
				GCC_NO_COMMON_BLOCKS = YES;
				GCC_OPTIMIZATION_LEVEL = 0;
				GCC_PREPROCESSOR_DEFINITIONS = (
					"DEBUG=1",
					"$(inherited)",
				);
				GCC_WARN_64_TO_32_BIT_CONVERSION = YES;
				GCC_WARN_ABOUT_RETURN_TYPE = YES_ERROR;
				GCC_WARN_UNDECLARED_SELECTOR = YES;
				GCC_WARN_UNINITIALIZED_AUTOS = YES_AGGRESSIVE;
				GCC_WARN_UNUSED_FUNCTION = YES;
				GCC_WARN_UNUSED_VARIABLE = YES;
				IPHONEOS_DEPLOYMENT_TARGET = 26.4;
				LOCALIZATION_PREFERS_STRING_CATALOGS = YES;
				MTL_ENABLE_DEBUG_INFO = INCLUDE_SOURCE;
				MTL_FAST_MATH = YES;
				ONLY_ACTIVE_ARCH = YES;
				SDKROOT = iphoneos;
				SWIFT_ACTIVE_COMPILATION_CONDITIONS = "DEBUG $(inherited)";
				SWIFT_OPTIMIZATION_LEVEL = "-Onone";
			};
			name = Debug;
		};
		EDA26DE32FB2558700108CB0 /* Release */ = {
			isa = XCBuildConfiguration;
			buildSettings = {
				ALWAYS_SEARCH_USER_PATHS = NO;
				ASSETCATALOG_COMPILER_GENERATE_SWIFT_ASSET_SYMBOL_EXTENSIONS = YES;
				CLANG_ANALYZER_NONNULL = YES;
				CLANG_ANALYZER_NUMBER_OBJECT_CONVERSION = YES_AGGRESSIVE;
				CLANG_CXX_LANGUAGE_STANDARD = "gnu++20";
				CLANG_ENABLE_MODULES = YES;
				CLANG_ENABLE_OBJC_ARC = YES;
				CLANG_ENABLE_OBJC_WEAK = YES;
				CLANG_WARN_BLOCK_CAPTURE_AUTORELEASING = YES;
				CLANG_WARN_BOOL_CONVERSION = YES;
				CLANG_WARN_COMMA = YES;
				CLANG_WARN_CONSTANT_CONVERSION = YES;
				CLANG_WARN_DEPRECATED_OBJC_IMPLEMENTATIONS = YES;
				CLANG_WARN_DIRECT_OBJC_ISA_USAGE = YES_ERROR;
				CLANG_WARN_DOCUMENTATION_COMMENTS = YES;
				CLANG_WARN_EMPTY_BODY = YES;
				CLANG_WARN_ENUM_CONVERSION = YES;
				CLANG_WARN_INFINITE_RECURSION = YES;
				CLANG_WARN_INT_CONVERSION = YES;
				CLANG_WARN_NON_LITERAL_NULL_CONVERSION = YES;
				CLANG_WARN_OBJC_IMPLICIT_RETAIN_SELF = YES;
				CLANG_WARN_OBJC_LITERAL_CONVERSION = YES;
				CLANG_WARN_OBJC_ROOT_CLASS = YES_ERROR;
				CLANG_WARN_QUOTED_INCLUDE_IN_FRAMEWORK_HEADER = YES;
				CLANG_WARN_RANGE_LOOP_ANALYSIS = YES;
				CLANG_WARN_STRICT_PROTOTYPES = YES;
				CLANG_WARN_SUSPICIOUS_MOVE = YES;
				CLANG_WARN_UNGUARDED_AVAILABILITY = YES_AGGRESSIVE;
				CLANG_WARN_UNREACHABLE_CODE = YES;
				CLANG_WARN__DUPLICATE_METHOD_MATCH = YES;
				COPY_PHASE_STRIP = NO;
				DEBUG_INFORMATION_FORMAT = "dwarf-with-dsym";
				DEVELOPMENT_TEAM = 7PTM8F2LLK;
				ENABLE_NS_ASSERTIONS = NO;
				ENABLE_STRICT_OBJC_MSGSEND = YES;
				ENABLE_USER_SCRIPT_SANDBOXING = YES;
				GCC_C_LANGUAGE_STANDARD = gnu17;
				GCC_NO_COMMON_BLOCKS = YES;
				GCC_WARN_64_TO_32_BIT_CONVERSION = YES;
				GCC_WARN_ABOUT_RETURN_TYPE = YES_ERROR;
				GCC_WARN_UNDECLARED_SELECTOR = YES;
				GCC_WARN_UNINITIALIZED_AUTOS = YES_AGGRESSIVE;
				GCC_WARN_UNUSED_FUNCTION = YES;
				GCC_WARN_UNUSED_VARIABLE = YES;
				IPHONEOS_DEPLOYMENT_TARGET = 26.4;
				LOCALIZATION_PREFERS_STRING_CATALOGS = YES;
				MTL_ENABLE_DEBUG_INFO = NO;
				MTL_FAST_MATH = YES;
				SDKROOT = iphoneos;
				SWIFT_COMPILATION_MODE = wholemodule;
				VALIDATE_PRODUCT = YES;
			};
			name = Release;
		};
		EDA26DE52FB2558700108CB0 /* Debug */ = {
			isa = XCBuildConfiguration;
			buildSettings = {
				ASSETCATALOG_COMPILER_APPICON_NAME = AppIcon;
				ASSETCATALOG_COMPILER_GLOBAL_ACCENT_COLOR_NAME = AccentColor;
				CODE_SIGN_STYLE = Automatic;
				CURRENT_PROJECT_VERSION = 1;
				DEVELOPMENT_TEAM = 7PTM8F2LLK;
				ENABLE_PREVIEWS = YES;
				GENERATE_INFOPLIST_FILE = YES;
				INFOPLIST_KEY_CFBundleDisplayName = BookNest;
				INFOPLIST_KEY_LSApplicationCategoryType = "public.app-category.productivity";
				INFOPLIST_KEY_UIApplicationSceneManifest_Generation = YES;
				INFOPLIST_KEY_UIApplicationSupportsIndirectInputEvents = YES;
				INFOPLIST_KEY_UILaunchScreen_Generation = YES;
				INFOPLIST_KEY_UIStatusBarStyle = "";
				INFOPLIST_KEY_UISupportedInterfaceOrientations = UIInterfaceOrientationPortrait;
				LD_RUNPATH_SEARCH_PATHS = (
					"$(inherited)",
					"@executable_path/Frameworks",
				);
				MARKETING_VERSION = 1.0;
				PRODUCT_BUNDLE_IDENTIFIER = shonricestudio.BookNest;
				PRODUCT_NAME = "$(TARGET_NAME)";
				STRING_CATALOG_GENERATE_SYMBOLS = YES;
				SWIFT_APPROACHABLE_CONCURRENCY = YES;
				SWIFT_DEFAULT_ACTOR_ISOLATION = MainActor;
				SWIFT_EMIT_LOC_STRINGS = YES;
				SWIFT_UPCOMING_FEATURE_MEMBER_IMPORT_VISIBILITY = YES;
				SWIFT_VERSION = 5.0;
				TARGETED_DEVICE_FAMILY = "1,2";
			};
			name = Debug;
		};
		EDA26DE62FB2558700108CB0 /* Release */ = {
			isa = XCBuildConfiguration;
			buildSettings = {
				ASSETCATALOG_COMPILER_APPICON_NAME = AppIcon;
				ASSETCATALOG_COMPILER_GLOBAL_ACCENT_COLOR_NAME = AccentColor;
				CODE_SIGN_STYLE = Automatic;
				CURRENT_PROJECT_VERSION = 1;
				DEVELOPMENT_TEAM = 7PTM8F2LLK;
				ENABLE_PREVIEWS = YES;
				GENERATE_INFOPLIST_FILE = YES;
				INFOPLIST_KEY_CFBundleDisplayName = BookNest;
				INFOPLIST_KEY_LSApplicationCategoryType = "public.app-category.productivity";
				INFOPLIST_KEY_UIApplicationSceneManifest_Generation = YES;
				INFOPLIST_KEY_UIApplicationSupportsIndirectInputEvents = YES;
				INFOPLIST_KEY_UILaunchScreen_Generation = YES;
				INFOPLIST_KEY_UIStatusBarStyle = "";
				INFOPLIST_KEY_UISupportedInterfaceOrientations = UIInterfaceOrientationPortrait;
				LD_RUNPATH_SEARCH_PATHS = (
					"$(inherited)",
					"@executable_path/Frameworks",
				);
				MARKETING_VERSION = 1.0;
				PRODUCT_BUNDLE_IDENTIFIER = shonricestudio.BookNest;
				PRODUCT_NAME = "$(TARGET_NAME)";
				STRING_CATALOG_GENERATE_SYMBOLS = YES;
				SWIFT_APPROACHABLE_CONCURRENCY = YES;
				SWIFT_DEFAULT_ACTOR_ISOLATION = MainActor;
				SWIFT_EMIT_LOC_STRINGS = YES;
				SWIFT_UPCOMING_FEATURE_MEMBER_IMPORT_VISIBILITY = YES;
				SWIFT_VERSION = 5.0;
				TARGETED_DEVICE_FAMILY = "1,2";
			};
			name = Release;
		};
/* End XCBuildConfiguration section */

/* Begin XCConfigurationList section */
		EDA26DD22FB2558500108CB0 /* Build configuration list for PBXProject "BookNest" */ = {
			isa = XCConfigurationList;
			buildConfigurations = (
				EDA26DE22FB2558700108CB0 /* Debug */,
				EDA26DE32FB2558700108CB0 /* Release */,
			);
			defaultConfigurationIsVisible = 0;
			defaultConfigurationName = Release;
		};
		EDA26DE42FB2558700108CB0 /* Build configuration list for PBXNativeTarget "BookNest" */ = {
			isa = XCConfigurationList;
			buildConfigurations = (
				EDA26DE52FB2558700108CB0 /* Debug */,
				EDA26DE62FB2558700108CB0 /* Release */,
			);
			defaultConfigurationIsVisible = 0;
			defaultConfigurationName = Release;
		};
/* End XCConfigurationList section */
	};
	rootObject = EDA26DCF2FB2558500108CB0 /* Project object */;
}
